
Microsoft Visual Studio Solution File, Format Version 12.00
# Visual Studio Version 17
VisualStudioVersion = 17.11.35327.3
MinimumVisualStudioVersion = 10.0.40219.1
Project("{FAE04EC0-301F-11D3-BF4B-00C04F79EFBC}") = "LibraryCatalogue", "LibraryCatalogue\LibraryCatalogue.csproj", "{FFBEE6F2-59C6-4C08-B247-C541DF527F4C}"
EndProject
Global
	GlobalSection(SolutionConfigurationPlatforms) = preSolution
		Debug|Any CPU = Debug|Any CPU
		Release|Any CPU = Release|Any CPU
	EndGlobalSection
	GlobalSection(ProjectConfigurationPlatforms) = postSolution
		{FFBEE6F2-59C6-4C08-B247-C541DF527F4C}.Debug|Any CPU.ActiveCfg = Debug|Any CPU
		{FFBEE6F2-59C6-4C08-B247-C541DF527F4C}.Debug|Any CPU.Build.0 = Debug|Any CPU
		{FFBEE6F2-59C6-4C08-B247-C541DF527F4C}.Release|Any CPU.ActiveCfg = Release|Any CPU
		{FFBEE6F2-59C6-4C08-B247-C541DF527F4C}.Release|Any CPU.Build.0 = Release|Any CPU
	EndGlobalSection
	GlobalSection(SolutionProperties) = preSolution
		HideSolutionNode = FALSE
	EndGlobalSection
	GlobalSection(ExtensibilityGlobals) = postSolution
		SolutionGuid = {958B5B9C-986D-4ED0-BD11-23EA45CF3492}
	EndGlobalSection
EndGlobal
